
Microsoft Visual Studio Solution File, Format Version 12.00
# Visual Studio Version 17
VisualStudioVersion = 17.7.34031.279
MinimumVisualStudioVersion = 10.0.40219.1
Project("{FAE04EC0-301F-11D3-BF4B-00C04F79EFBC}") = "BenzikovWPF", "BenzikovWPF.csproj", "{0A576668-7D2D-4FD7-B5A0-4F83B6C9BCCE}"
EndProject
Global
	GlobalSection(SolutionConfigurationPlatforms) = preSolution
		Debug|Any CPU = Debug|Any CPU
		Release|Any CPU = Release|Any CPU
	EndGlobalSection
	GlobalSection(ProjectConfigurationPlatforms) = postSolution
		{0A576668-7D2D-4FD7-B5A0-4F83B6C9BCCE}.Debug|Any CPU.ActiveCfg = Debug|Any CPU
		{0A576668-7D2D-4FD7-B5A0-4F83B6C9BCCE}.Debug|Any CPU.Build.0 = Debug|Any CPU
		{0A576668-7D2D-4FD7-B5A0-4F83B6C9BCCE}.Release|Any CPU.ActiveCfg = Release|Any CPU
		{0A576668-7D2D-4FD7-B5A0-4F83B6C9BCCE}.Release|Any CPU.Build.0 = Release|Any CPU
	EndGlobalSection
	GlobalSection(SolutionProperties) = preSolution
		HideSolutionNode = FALSE
	EndGlobalSection
	GlobalSection(ExtensibilityGlobals) = postSolution
		SolutionGuid = {2502EAD1-C758-4937-9CA7-50EC0FDAB6E6}
	EndGlobalSection
EndGlobal
